
Microsoft Visual Studio Solution File, Format Version 12.00
# Visual Studio Version 16
VisualStudioVersion = 16.0.29123.88
MinimumVisualStudioVersion = 10.0.40219.1
Project("{9A19103F-16F7-4668-BE54-9A1E7A4F7556}") = "SqlStatementParser", "SqlStatementParser\SqlStatementParser.csproj", "{29317282-5EFF-4CB0-95A9-741531DF8528}"
EndProject
Project("{9A19103F-16F7-4668-BE54-9A1E7A4F7556}") = "SqlStatementParser.Tests", "SqlStatementParser.Tests\SqlStatementParser.Tests.csproj", "{DD59E2E0-574A-402A-B792-1A6798F668DC}"
EndProject
Project("{2150E333-8FDC-42A3-9474-1A3956D46DE8}") = "Solution Items", "Solution Items", "{26CE98F9-20B3-4B98-88EF-A4529AB6DD2F}"
	ProjectSection(SolutionItems) = preProject
		LICENSE.txt = LICENSE.txt
	EndProjectSection
EndProject
Global
	GlobalSection(SolutionConfigurationPlatforms) = preSolution
		Debug|Any CPU = Debug|Any CPU
		Release|Any CPU = Release|Any CPU
	EndGlobalSection
	GlobalSection(ProjectConfigurationPlatforms) = postSolution
		{29317282-5EFF-4CB0-95A9-741531DF8528}.Debug|Any CPU.ActiveCfg = Debug|Any CPU
		{29317282-5EFF-4CB0-95A9-741531DF8528}.Debug|Any CPU.Build.0 = Debug|Any CPU
		{29317282-5EFF-4CB0-95A9-741531DF8528}.Release|Any CPU.ActiveCfg = Release|Any CPU
		{29317282-5EFF-4CB0-95A9-741531DF8528}.Release|Any CPU.Build.0 = Release|Any CPU
		{DD59E2E0-574A-402A-B792-1A6798F668DC}.Debug|Any CPU.ActiveCfg = Debug|Any CPU
		{DD59E2E0-574A-402A-B792-1A6798F668DC}.Debug|Any CPU.Build.0 = Debug|Any CPU
		{DD59E2E0-574A-402A-B792-1A6798F668DC}.Release|Any CPU.ActiveCfg = Release|Any CPU
		{DD59E2E0-574A-402A-B792-1A6798F668DC}.Release|Any CPU.Build.0 = Release|Any CPU
	EndGlobalSection
	GlobalSection(SolutionProperties) = preSolution
		HideSolutionNode = FALSE
	EndGlobalSection
	GlobalSection(ExtensibilityGlobals) = postSolution
		SolutionGuid = {B4FBA63A-C3DB-46A8-BCFB-E6CBBE1094DB}
	EndGlobalSection
EndGlobal
